{
    "_meta": {
        "hash": {
            "sha256": "b8fb9b720d0f48040778312bc1f248ec792988ba5892cdb68535541c7c70dad3"
        },
        "pipfile-spec": 6,
        "requires": {
            "python_version": "3.9"
        },
        "sources": [
            {
                "name": "pypi",
                "url": "https://pypi.org/simple",
                "verify_ssl": true
            }
        ]
    },
    "default": {},
    "develop": {}
}
